// !$*UTF8*$!
{
	archiveVersion = 1;
	classes = {
	};
	objectVersion = 77;
	objects = {

/* Begin PBXBuildFile section */
		044650C676618FA8908A4118 /* SignalSmoother.swift in Sources */ = {isa = PBXBuildFile; fileRef = 8F292B5CCA00B82FC232868D /* SignalSmoother.swift */; };
		07B3105C28BF127BA06FBAD1 /* LuxCalculator.swift in Sources */ = {isa = PBXBuildFile; fileRef = 141E153718B1A66906CF6AA8 /* LuxCalculator.swift */; };
		08CD778A0867208D9A354A8A /* TransparentBackground.swift in Sources */ = {isa = PBXBuildFile; fileRef = A83CE8AD298F8AE0FCA5235B /* TransparentBackground.swift */; };
		09FE133AEFC5C74D28A38ABB /* ColorTemperatureCalculatorTests.swift in Sources */ = {isa = PBXBuildFile; fileRef = F758B3F97431F0337E6ABDC6 /* ColorTemperatureCalculatorTests.swift */; };
		10B867859DF219A3BCB5ABC9 /* ComparisonGenerator.swift in Sources */ = {isa = PBXBuildFile; fileRef = 593D8722074739DD8C5FA820 /* ComparisonGenerator.swift */; };
		1242467572831488428302D0 /* LuxRangeTests.swift in Sources */ = {isa = PBXBuildFile; fileRef = D7678EA3B5B7AF942CD08A38 /* LuxRangeTests.swift */; };
		14F5E324A0BA681C474744DC /* CameraViewModel.swift in Sources */ = {isa = PBXBuildFile; fileRef = 2C410B49C8249C192BBB0EC9 /* CameraViewModel.swift */; };
		180557121E4CC474A5FB65A5 /* LightRecordEntity.swift in Sources */ = {isa = PBXBuildFile; fileRef = 1CA5AA7301C6BB499DD8431A /* LightRecordEntity.swift */; };
		1F629BD969930724FA2C3667 /* TemperatureCardView.swift in Sources */ = {isa = PBXBuildFile; fileRef = 97CE860EBD1C9BB2E1B9D5F6 /* TemperatureCardView.swift */; };
		215E4128299483333603D01E /* LocalizationTests.swift in Sources */ = {isa = PBXBuildFile; fileRef = 14F8A654477FB9A001991C20 /* LocalizationTests.swift */; };
		3009DF3774694FD7E329C83A /* KelvinInterpreter.swift in Sources */ = {isa = PBXBuildFile; fileRef = 743937F5B9EC0615A393A4A7 /* KelvinInterpreter.swift */; };
		362E472CE38C282A5070C287 /* ImageProcessor.swift in Sources */ = {isa = PBXBuildFile; fileRef = A38CBC56BF5FA04DED7BD031 /* ImageProcessor.swift */; };
		3F23D6DD2E64E8D6BFCD0CD7 /* TintInterpreter.swift in Sources */ = {isa = PBXBuildFile; fileRef = DA4508894EF1207B077AF446 /* TintInterpreter.swift */; };
		43E99B1CDDFE154BB77B66F3 /* LightRecord.swift in Sources */ = {isa = PBXBuildFile; fileRef = 85A64F06C8F54E7EB52BD803 /* LightRecord.swift */; };
		4A85FF8D4948BCA39D1FE91F /* ActivityChip.swift in Sources */ = {isa = PBXBuildFile; fileRef = 62FD179DA1B6CA53048BECC1 /* ActivityChip.swift */; };
		4C49A43B335453EC83DC8A0E /* TabTransitionAction.swift in Sources */ = {isa = PBXBuildFile; fileRef = 6A34737E8E6769616196B553 /* TabTransitionAction.swift */; };
		4C70950EFF64BCCD13101F48 /* MeasurementCardView.swift in Sources */ = {isa = PBXBuildFile; fileRef = 9AAA5DB7D298829B8185EE94 /* MeasurementCardView.swift */; };
		4C80E8F81CB4267206F8BCC9 /* FlickerAnalyzer.swift in Sources */ = {isa = PBXBuildFile; fileRef = 4A7E50B75302F02BAA4C179D /* FlickerAnalyzer.swift */; };
		5453E25EA4CD9E2DD3345ACC /* ExposureValueCalculator.swift in Sources */ = {isa = PBXBuildFile; fileRef = 2018A0361538AFF56AF67F5C /* ExposureValueCalculator.swift */; };
		61203EE432D8DEDA7575C925 /* LuxInterpreterTests.swift in Sources */ = {isa = PBXBuildFile; fileRef = F8A18AB3EA5964212F531FE3 /* LuxInterpreterTests.swift */; };
		6252F288CBF710360F50DB20 /* SignalSmootherTests.swift in Sources */ = {isa = PBXBuildFile; fileRef = 6D4A2201BDA5BDE1531A500B /* SignalSmootherTests.swift */; };
		62BB4D3470F81E7E14658541 /* FlickerInterpreterTests.swift in Sources */ = {isa = PBXBuildFile; fileRef = 48D12298CC3BE30BEF0BEC84 /* FlickerInterpreterTests.swift */; };
		6AF688582A251DBCB4ECD15E /* TintInterpreterTests.swift in Sources */ = {isa = PBXBuildFile; fileRef = B945079B10C40A86AC117A50 /* TintInterpreterTests.swift */; };
		6FFDC72D6B60277F88C94396 /* FlickerModel.swift in Sources */ = {isa = PBXBuildFile; fileRef = B365D9B743B9FC75C575FE68 /* FlickerModel.swift */; };
		70D86419EDB6EE55F0C2E1FF /* CameraFrameProvider.swift in Sources */ = {isa = PBXBuildFile; fileRef = E1AE321F0ACA6F202AED95BD /* CameraFrameProvider.swift */; };
		7708CED8D4A5D81141993481 /* MeasurementModel.swift in Sources */ = {isa = PBXBuildFile; fileRef = 0225A0690A5D5C9027835EB2 /* MeasurementModel.swift */; };
		77D76C7BC802A14BC11BED7A /* AppLanguage.swift in Sources */ = {isa = PBXBuildFile; fileRef = CDEAB4538FA9C995543411E8 /* AppLanguage.swift */; };
		7E76B6F795E249E5A140198A /* RecordsView.swift in Sources */ = {isa = PBXBuildFile; fileRef = ED0F44D6F9686E67479A6D05 /* RecordsView.swift */; };
		812876F0AE08889F28F29768 /* LuxRange.swift in Sources */ = {isa = PBXBuildFile; fileRef = 0A18F24B9F641399B19318EE /* LuxRange.swift */; };
		82453B2D0DF1E3A5EC37C2FB /* ExposureValueCalculatorTests.swift in Sources */ = {isa = PBXBuildFile; fileRef = B9213AEC2DEFD77FABC5D778 /* ExposureValueCalculatorTests.swift */; };
		839EEDA5B3D99112391E8E3B /* KelvinInterpreterTests.swift in Sources */ = {isa = PBXBuildFile; fileRef = D3FC5A4DD51010FB9CA651BD /* KelvinInterpreterTests.swift */; };
		8867737AEAE195B03EEA114F /* FlickerInterpreter.swift in Sources */ = {isa = PBXBuildFile; fileRef = A67C1AC37A50584E13380AAF /* FlickerInterpreter.swift */; };
		897BCAEA38B78FD20B98973C /* Assets.xcassets in Resources */ = {isa = PBXBuildFile; fileRef = 30817019AC95765C07F07866 /* Assets.xcassets */; };
		8B249869753FB633C77DEDE8 /* PlaceholderView.swift in Sources */ = {isa = PBXBuildFile; fileRef = 16B83EECEA6CAF73FCBB149B /* PlaceholderView.swift */; };
		8D8625281D9C90D56D5B74E7 /* LocalizedStrings.swift in Sources */ = {isa = PBXBuildFile; fileRef = C5D5DC59E119CEEB4CA7A6FD /* LocalizedStrings.swift */; };
		947D43296F961E3FD48B7815 /* LuxCalculatorTests.swift in Sources */ = {isa = PBXBuildFile; fileRef = 746B12E44F7BCED67364E2BF /* LuxCalculatorTests.swift */; };
		9A555183B301322AC12B3898 /* MeasurementView.swift in Sources */ = {isa = PBXBuildFile; fileRef = 791FD5DC633AA4927A763E7D /* MeasurementView.swift */; };
		9C6FE3D275D79634D8615F77 /* PrivacyInfo.xcprivacy in Resources */ = {isa = PBXBuildFile; fileRef = 8E9FEC3AC3AE88559A671D16 /* PrivacyInfo.xcprivacy */; };
		A182CF4B3A6D6FA724DC5696 /* CalibrationStoreTests.swift in Sources */ = {isa = PBXBuildFile; fileRef = CB800177FF031E4B31C6856E /* CalibrationStoreTests.swift */; };
		A795BA9DC7BE53A2E6D2DB95 /* LuxInterpreter.swift in Sources */ = {isa = PBXBuildFile; fileRef = 85DC13C9F3C332F61A5FFB93 /* LuxInterpreter.swift */; };
		ACB9A526668038CF6D68BB8C /* CameraSessionActor.swift in Sources */ = {isa = PBXBuildFile; fileRef = 2144C8464E2EEBA61FBD1839 /* CameraSessionActor.swift */; };
		B0438C850571F78C5F21C1AE /* CameraPreviewView.swift in Sources */ = {isa = PBXBuildFile; fileRef = 522D1D82DD47D254300BA8D9 /* CameraPreviewView.swift */; };
		B5987DCB478F3C327B9A57DA /* FlickerCheckView.swift in Sources */ = {isa = PBXBuildFile; fileRef = 269857D946F301075B6B5E73 /* FlickerCheckView.swift */; };
		B9CAE995A7FF9C73682EC13E /* ComparisonGeneratorTests.swift in Sources */ = {isa = PBXBuildFile; fileRef = 6D3821D0BB479632C0A6C023 /* ComparisonGeneratorTests.swift */; };
		BD57A3FCF3C238E708850DB8 /* ContentView.swift in Sources */ = {isa = PBXBuildFile; fileRef = CB9D9057780326CEC3398958 /* ContentView.swift */; };
		C453045400C97ADDD86FD197 /* DesignConstants.swift in Sources */ = {isa = PBXBuildFile; fileRef = D6490821C1E2B9BD28DF3DE4 /* DesignConstants.swift */; };
		C48F515E26CEA8B6B15CC3EF /* CalibrationStore.swift in Sources */ = {isa = PBXBuildFile; fileRef = 4CA478C98177BF80E25C1D1C /* CalibrationStore.swift */; };
		CC05482E43992679CF8D1CDC /* InterpretationResult.swift in Sources */ = {isa = PBXBuildFile; fileRef = 8DB8E7BEEC38FFD5E382C517 /* InterpretationResult.swift */; };
		D8287656B2497407BF3354EA /* CameraStateOverlay.swift in Sources */ = {isa = PBXBuildFile; fileRef = 503076F82DF9B8AD34B455B3 /* CameraStateOverlay.swift */; };
		DE16C20F92FF3A460C87986A /* TabTransitionActionTests.swift in Sources */ = {isa = PBXBuildFile; fileRef = 2AEEF4F3EEE549A3A13C7B0D /* TabTransitionActionTests.swift */; };
		E2825F6D9C8BAFD56F68BEDD /* LightMeterApp.swift in Sources */ = {isa = PBXBuildFile; fileRef = 4F4BAB4CD2C382B32711F111 /* LightMeterApp.swift */; };
		E38769976DC2A83A3EED675E /* ColorTemperatureCalculator.swift in Sources */ = {isa = PBXBuildFile; fileRef = 4D67E84515B0974CFEBCC270 /* ColorTemperatureCalculator.swift */; };
		E56A97D88FE11681E64FB07F /* CalibrationView.swift in Sources */ = {isa = PBXBuildFile; fileRef = 18D1F49B7EC2EEF4761B0A31 /* CalibrationView.swift */; };
		E83E4E39DA38B43E08552F29 /* NumberFormattingTests.swift in Sources */ = {isa = PBXBuildFile; fileRef = 751FACCEEAA3CABCD4FEEC22 /* NumberFormattingTests.swift */; };
		ED43B53E290AEAA4611B1A0C /* TemperatureView.swift in Sources */ = {isa = PBXBuildFile; fileRef = AE078BD017B4B9258C10AED6 /* TemperatureView.swift */; };
		F99DF0F94565431FDA4E5DD4 /* FlickerAnalyzerTests.swift in Sources */ = {isa = PBXBuildFile; fileRef = 0A66F6E5E512F4729562C374 /* FlickerAnalyzerTests.swift */; };
		FCAC37C271D527801A4BF7FA /* CameraStateDecompositionTests.swift in Sources */ = {isa = PBXBuildFile; fileRef = 6CC4B0951CF6D7835D8B9995 /* CameraStateDecompositionTests.swift */; };
		FFAC825E2646FF5FBF4D542B /* RecordsStore.swift in Sources */ = {isa = PBXBuildFile; fileRef = 3046556155B9CF0608A10FB7 /* RecordsStore.swift */; };
/* End PBXBuildFile section */

/* Begin PBXContainerItemProxy section */
		4F116066C5A373AFC5D87804 /* PBXContainerItemProxy */ = {
			isa = PBXContainerItemProxy;
			containerPortal = 98E66B2EEE9E39E1E98ED95F /* Project object */;
			proxyType = 1;
			remoteGlobalIDString = 1F1B09C7A53B6D056F21B656;
			remoteInfo = LightMeter;
		};
/* End PBXContainerItemProxy section */

/* Begin PBXFileReference section */
		0225A0690A5D5C9027835EB2 /* MeasurementModel.swift */ = {isa = PBXFileReference; lastKnownFileType = sourcecode.swift; path = MeasurementModel.swift; sourceTree = "<group>"; };
		05CC5449066C71C1FEB3A67E /* LightMeter.app */ = {isa = PBXFileReference; includeInIndex = 0; lastKnownFileType = wrapper.application; path = LightMeter.app; sourceTree = BUILT_PRODUCTS_DIR; };
		0A18F24B9F641399B19318EE /* LuxRange.swift */ = {isa = PBXFileReference; lastKnownFileType = sourcecode.swift; path = LuxRange.swift; sourceTree = "<group>"; };
		0A66F6E5E512F4729562C374 /* FlickerAnalyzerTests.swift */ = {isa = PBXFileReference; lastKnownFileType = sourcecode.swift; path = FlickerAnalyzerTests.swift; sourceTree = "<group>"; };
		141E153718B1A66906CF6AA8 /* LuxCalculator.swift */ = {isa = PBXFileReference; lastKnownFileType = sourcecode.swift; path = LuxCalculator.swift; sourceTree = "<group>"; };
		14F8A654477FB9A001991C20 /* LocalizationTests.swift */ = {isa = PBXFileReference; lastKnownFileType = sourcecode.swift; path = LocalizationTests.swift; sourceTree = "<group>"; };
		16B83EECEA6CAF73FCBB149B /* PlaceholderView.swift */ = {isa = PBXFileReference; lastKnownFileType = sourcecode.swift; path = PlaceholderView.swift; sourceTree = "<group>"; };
		18D1F49B7EC2EEF4761B0A31 /* CalibrationView.swift */ = {isa = PBXFileReference; lastKnownFileType = sourcecode.swift; path = CalibrationView.swift; sourceTree = "<group>"; };
		1CA5AA7301C6BB499DD8431A /* LightRecordEntity.swift */ = {isa = PBXFileReference; lastKnownFileType = sourcecode.swift; path = LightRecordEntity.swift; sourceTree = "<group>"; };
		2018A0361538AFF56AF67F5C /* ExposureValueCalculator.swift */ = {isa = PBXFileReference; lastKnownFileType = sourcecode.swift; path = ExposureValueCalculator.swift; sourceTree = "<group>"; };
		2144C8464E2EEBA61FBD1839 /* CameraSessionActor.swift */ = {isa = PBXFileReference; lastKnownFileType = sourcecode.swift; path = CameraSessionActor.swift; sourceTree = "<group>"; };
		269857D946F301075B6B5E73 /* FlickerCheckView.swift */ = {isa = PBXFileReference; lastKnownFileType = sourcecode.swift; path = FlickerCheckView.swift; sourceTree = "<group>"; };
		2AEEF4F3EEE549A3A13C7B0D /* TabTransitionActionTests.swift */ = {isa = PBXFileReference; lastKnownFileType = sourcecode.swift; path = TabTransitionActionTests.swift; sourceTree = "<group>"; };
		2C410B49C8249C192BBB0EC9 /* CameraViewModel.swift */ = {isa = PBXFileReference; lastKnownFileType = sourcecode.swift; path = CameraViewModel.swift; sourceTree = "<group>"; };
		3046556155B9CF0608A10FB7 /* RecordsStore.swift */ = {isa = PBXFileReference; lastKnownFileType = sourcecode.swift; path = RecordsStore.swift; sourceTree = "<group>"; };
		30817019AC95765C07F07866 /* Assets.xcassets */ = {isa = PBXFileReference; lastKnownFileType = folder.assetcatalog; path = Assets.xcassets; sourceTree = "<group>"; };
		48D12298CC3BE30BEF0BEC84 /* FlickerInterpreterTests.swift */ = {isa = PBXFileReference; lastKnownFileType = sourcecode.swift; path = FlickerInterpreterTests.swift; sourceTree = "<group>"; };
		4A7E50B75302F02BAA4C179D /* FlickerAnalyzer.swift */ = {isa = PBXFileReference; lastKnownFileType = sourcecode.swift; path = FlickerAnalyzer.swift; sourceTree = "<group>"; };
		4CA478C98177BF80E25C1D1C /* CalibrationStore.swift */ = {isa = PBXFileReference; lastKnownFileType = sourcecode.swift; path = CalibrationStore.swift; sourceTree = "<group>"; };
		4D67E84515B0974CFEBCC270 /* ColorTemperatureCalculator.swift */ = {isa = PBXFileReference; lastKnownFileType = sourcecode.swift; path = ColorTemperatureCalculator.swift; sourceTree = "<group>"; };
		4F4BAB4CD2C382B32711F111 /* LightMeterApp.swift */ = {isa = PBXFileReference; lastKnownFileType = sourcecode.swift; path = LightMeterApp.swift; sourceTree = "<group>"; };
		503076F82DF9B8AD34B455B3 /* CameraStateOverlay.swift */ = {isa = PBXFileReference; lastKnownFileType = sourcecode.swift; path = CameraStateOverlay.swift; sourceTree = "<group>"; };
		522D1D82DD47D254300BA8D9 /* CameraPreviewView.swift */ = {isa = PBXFileReference; lastKnownFileType = sourcecode.swift; path = CameraPreviewView.swift; sourceTree = "<group>"; };
		593D8722074739DD8C5FA820 /* ComparisonGenerator.swift */ = {isa = PBXFileReference; lastKnownFileType = sourcecode.swift; path = ComparisonGenerator.swift; sourceTree = "<group>"; };
		62BF30A70BBBF1C7BEB3CCDF /* LightMeterTests.xctest */ = {isa = PBXFileReference; includeInIndex = 0; lastKnownFileType = wrapper.cfbundle; path = LightMeterTests.xctest; sourceTree = BUILT_PRODUCTS_DIR; };
		62FD179DA1B6CA53048BECC1 /* ActivityChip.swift */ = {isa = PBXFileReference; lastKnownFileType = sourcecode.swift; path = ActivityChip.swift; sourceTree = "<group>"; };
		6A34737E8E6769616196B553 /* TabTransitionAction.swift */ = {isa = PBXFileReference; lastKnownFileType = sourcecode.swift; path = TabTransitionAction.swift; sourceTree = "<group>"; };
		6CC4B0951CF6D7835D8B9995 /* CameraStateDecompositionTests.swift */ = {isa = PBXFileReference; lastKnownFileType = sourcecode.swift; path = CameraStateDecompositionTests.swift; sourceTree = "<group>"; };
		6D3821D0BB479632C0A6C023 /* ComparisonGeneratorTests.swift */ = {isa = PBXFileReference; lastKnownFileType = sourcecode.swift; path = ComparisonGeneratorTests.swift; sourceTree = "<group>"; };
		6D4A2201BDA5BDE1531A500B /* SignalSmootherTests.swift */ = {isa = PBXFileReference; lastKnownFileType = sourcecode.swift; path = SignalSmootherTests.swift; sourceTree = "<group>"; };
		743937F5B9EC0615A393A4A7 /* KelvinInterpreter.swift */ = {isa = PBXFileReference; lastKnownFileType = sourcecode.swift; path = KelvinInterpreter.swift; sourceTree = "<group>"; };
		746B12E44F7BCED67364E2BF /* LuxCalculatorTests.swift */ = {isa = PBXFileReference; lastKnownFileType = sourcecode.swift; path = LuxCalculatorTests.swift; sourceTree = "<group>"; };
		751FACCEEAA3CABCD4FEEC22 /* NumberFormattingTests.swift */ = {isa = PBXFileReference; lastKnownFileType = sourcecode.swift; path = NumberFormattingTests.swift; sourceTree = "<group>"; };
		791FD5DC633AA4927A763E7D /* MeasurementView.swift */ = {isa = PBXFileReference; lastKnownFileType = sourcecode.swift; path = MeasurementView.swift; sourceTree = "<group>"; };
		85A64F06C8F54E7EB52BD803 /* LightRecord.swift */ = {isa = PBXFileReference; lastKnownFileType = sourcecode.swift; path = LightRecord.swift; sourceTree = "<group>"; };
		85DC13C9F3C332F61A5FFB93 /* LuxInterpreter.swift */ = {isa = PBXFileReference; lastKnownFileType = sourcecode.swift; path = LuxInterpreter.swift; sourceTree = "<group>"; };
		8DB8E7BEEC38FFD5E382C517 /* InterpretationResult.swift */ = {isa = PBXFileReference; lastKnownFileType = sourcecode.swift; path = InterpretationResult.swift; sourceTree = "<group>"; };
		8E9FEC3AC3AE88559A671D16 /* PrivacyInfo.xcprivacy */ = {isa = PBXFileReference; path = PrivacyInfo.xcprivacy; sourceTree = "<group>"; };
		8F292B5CCA00B82FC232868D /* SignalSmoother.swift */ = {isa = PBXFileReference; lastKnownFileType = sourcecode.swift; path = SignalSmoother.swift; sourceTree = "<group>"; };
		97CE860EBD1C9BB2E1B9D5F6 /* TemperatureCardView.swift */ = {isa = PBXFileReference; lastKnownFileType = sourcecode.swift; path = TemperatureCardView.swift; sourceTree = "<group>"; };
		9AAA5DB7D298829B8185EE94 /* MeasurementCardView.swift */ = {isa = PBXFileReference; lastKnownFileType = sourcecode.swift; path = MeasurementCardView.swift; sourceTree = "<group>"; };
		A38CBC56BF5FA04DED7BD031 /* ImageProcessor.swift */ = {isa = PBXFileReference; lastKnownFileType = sourcecode.swift; path = ImageProcessor.swift; sourceTree = "<group>"; };
		A67C1AC37A50584E13380AAF /* FlickerInterpreter.swift */ = {isa = PBXFileReference; lastKnownFileType = sourcecode.swift; path = FlickerInterpreter.swift; sourceTree = "<group>"; };
		A83CE8AD298F8AE0FCA5235B /* TransparentBackground.swift */ = {isa = PBXFileReference; lastKnownFileType = sourcecode.swift; path = TransparentBackground.swift; sourceTree = "<group>"; };
		AE078BD017B4B9258C10AED6 /* TemperatureView.swift */ = {isa = PBXFileReference; lastKnownFileType = sourcecode.swift; path = TemperatureView.swift; sourceTree = "<group>"; };
		B365D9B743B9FC75C575FE68 /* FlickerModel.swift */ = {isa = PBXFileReference; lastKnownFileType = sourcecode.swift; path = FlickerModel.swift; sourceTree = "<group>"; };
		B9213AEC2DEFD77FABC5D778 /* ExposureValueCalculatorTests.swift */ = {isa = PBXFileReference; lastKnownFileType = sourcecode.swift; path = ExposureValueCalculatorTests.swift; sourceTree = "<group>"; };
		B945079B10C40A86AC117A50 /* TintInterpreterTests.swift */ = {isa = PBXFileReference; lastKnownFileType = sourcecode.swift; path = TintInterpreterTests.swift; sourceTree = "<group>"; };
		C5D5DC59E119CEEB4CA7A6FD /* LocalizedStrings.swift */ = {isa = PBXFileReference; lastKnownFileType = sourcecode.swift; path = LocalizedStrings.swift; sourceTree = "<group>"; };
		CB800177FF031E4B31C6856E /* CalibrationStoreTests.swift */ = {isa = PBXFileReference; lastKnownFileType = sourcecode.swift; path = CalibrationStoreTests.swift; sourceTree = "<group>"; };
		CB9D9057780326CEC3398958 /* ContentView.swift */ = {isa = PBXFileReference; lastKnownFileType = sourcecode.swift; path = ContentView.swift; sourceTree = "<group>"; };
		CDEAB4538FA9C995543411E8 /* AppLanguage.swift */ = {isa = PBXFileReference; lastKnownFileType = sourcecode.swift; path = AppLanguage.swift; sourceTree = "<group>"; };
		D3FC5A4DD51010FB9CA651BD /* KelvinInterpreterTests.swift */ = {isa = PBXFileReference; lastKnownFileType = sourcecode.swift; path = KelvinInterpreterTests.swift; sourceTree = "<group>"; };
		D6490821C1E2B9BD28DF3DE4 /* DesignConstants.swift */ = {isa = PBXFileReference; lastKnownFileType = sourcecode.swift; path = DesignConstants.swift; sourceTree = "<group>"; };
		D7678EA3B5B7AF942CD08A38 /* LuxRangeTests.swift */ = {isa = PBXFileReference; lastKnownFileType = sourcecode.swift; path = LuxRangeTests.swift; sourceTree = "<group>"; };
		DA4508894EF1207B077AF446 /* TintInterpreter.swift */ = {isa = PBXFileReference; lastKnownFileType = sourcecode.swift; path = TintInterpreter.swift; sourceTree = "<group>"; };
		E1AE321F0ACA6F202AED95BD /* CameraFrameProvider.swift */ = {isa = PBXFileReference; lastKnownFileType = sourcecode.swift; path = CameraFrameProvider.swift; sourceTree = "<group>"; };
		ED0F44D6F9686E67479A6D05 /* RecordsView.swift */ = {isa = PBXFileReference; lastKnownFileType = sourcecode.swift; path = RecordsView.swift; sourceTree = "<group>"; };
		F758B3F97431F0337E6ABDC6 /* ColorTemperatureCalculatorTests.swift */ = {isa = PBXFileReference; lastKnownFileType = sourcecode.swift; path = ColorTemperatureCalculatorTests.swift; sourceTree = "<group>"; };
		F8A18AB3EA5964212F531FE3 /* LuxInterpreterTests.swift */ = {isa = PBXFileReference; lastKnownFileType = sourcecode.swift; path = LuxInterpreterTests.swift; sourceTree = "<group>"; };
/* End PBXFileReference section */

/* Begin PBXGroup section */
		32974A5A9A5D3E12B3ECA87F /* Camera */ = {
			isa = PBXGroup;
			children = (
				E1AE321F0ACA6F202AED95BD /* CameraFrameProvider.swift */,
				2144C8464E2EEBA61FBD1839 /* CameraSessionActor.swift */,
				2C410B49C8249C192BBB0EC9 /* CameraViewModel.swift */,
				B365D9B743B9FC75C575FE68 /* FlickerModel.swift */,
				A38CBC56BF5FA04DED7BD031 /* ImageProcessor.swift */,
				85A64F06C8F54E7EB52BD803 /* LightRecord.swift */,
				1CA5AA7301C6BB499DD8431A /* LightRecordEntity.swift */,
				0225A0690A5D5C9027835EB2 /* MeasurementModel.swift */,
				3046556155B9CF0608A10FB7 /* RecordsStore.swift */,
			);
			path = Camera;
			sourceTree = "<group>";
		};
		38436FC0864DE3039C6C2F9C /* SharedViews */ = {
			isa = PBXGroup;
			children = (
				522D1D82DD47D254300BA8D9 /* CameraPreviewView.swift */,
				503076F82DF9B8AD34B455B3 /* CameraStateOverlay.swift */,
				16B83EECEA6CAF73FCBB149B /* PlaceholderView.swift */,
				A83CE8AD298F8AE0FCA5235B /* TransparentBackground.swift */,
			);
			path = SharedViews;
			sourceTree = "<group>";
		};
		45614BB61731F5487CD71B3C /* Logic */ = {
			isa = PBXGroup;
			children = (
				CB800177FF031E4B31C6856E /* CalibrationStoreTests.swift */,
				6CC4B0951CF6D7835D8B9995 /* CameraStateDecompositionTests.swift */,
				F758B3F97431F0337E6ABDC6 /* ColorTemperatureCalculatorTests.swift */,
				6D3821D0BB479632C0A6C023 /* ComparisonGeneratorTests.swift */,
				B9213AEC2DEFD77FABC5D778 /* ExposureValueCalculatorTests.swift */,
				0A66F6E5E512F4729562C374 /* FlickerAnalyzerTests.swift */,
				48D12298CC3BE30BEF0BEC84 /* FlickerInterpreterTests.swift */,
				D3FC5A4DD51010FB9CA651BD /* KelvinInterpreterTests.swift */,
				14F8A654477FB9A001991C20 /* LocalizationTests.swift */,
				746B12E44F7BCED67364E2BF /* LuxCalculatorTests.swift */,
				F8A18AB3EA5964212F531FE3 /* LuxInterpreterTests.swift */,
				D7678EA3B5B7AF942CD08A38 /* LuxRangeTests.swift */,
				6D4A2201BDA5BDE1531A500B /* SignalSmootherTests.swift */,
				2AEEF4F3EEE549A3A13C7B0D /* TabTransitionActionTests.swift */,
				B945079B10C40A86AC117A50 /* TintInterpreterTests.swift */,
			);
			path = Logic;
			sourceTree = "<group>";
		};
		624F3B22565E9E78DA1D7F34 /* Measurement */ = {
			isa = PBXGroup;
			children = (
				18D1F49B7EC2EEF4761B0A31 /* CalibrationView.swift */,
				9AAA5DB7D298829B8185EE94 /* MeasurementCardView.swift */,
				791FD5DC633AA4927A763E7D /* MeasurementView.swift */,
			);
			path = Measurement;
			sourceTree = "<group>";
		};
		639E81B2142A4BC9BA6C21C0 /* Logic */ = {
			isa = PBXGroup;
			children = (
				62FD179DA1B6CA53048BECC1 /* ActivityChip.swift */,
				CDEAB4538FA9C995543411E8 /* AppLanguage.swift */,
				4CA478C98177BF80E25C1D1C /* CalibrationStore.swift */,
				4D67E84515B0974CFEBCC270 /* ColorTemperatureCalculator.swift */,
				593D8722074739DD8C5FA820 /* ComparisonGenerator.swift */,
				2018A0361538AFF56AF67F5C /* ExposureValueCalculator.swift */,
				4A7E50B75302F02BAA4C179D /* FlickerAnalyzer.swift */,
				A67C1AC37A50584E13380AAF /* FlickerInterpreter.swift */,
				8DB8E7BEEC38FFD5E382C517 /* InterpretationResult.swift */,
				743937F5B9EC0615A393A4A7 /* KelvinInterpreter.swift */,
				C5D5DC59E119CEEB4CA7A6FD /* LocalizedStrings.swift */,
				141E153718B1A66906CF6AA8 /* LuxCalculator.swift */,
				85DC13C9F3C332F61A5FFB93 /* LuxInterpreter.swift */,
				0A18F24B9F641399B19318EE /* LuxRange.swift */,
				8F292B5CCA00B82FC232868D /* SignalSmoother.swift */,
				6A34737E8E6769616196B553 /* TabTransitionAction.swift */,
				DA4508894EF1207B077AF446 /* TintInterpreter.swift */,
			);
			path = Logic;
			sourceTree = "<group>";
		};
		67954F2B2EE86C256D1ECF80 /* Temperature */ = {
			isa = PBXGroup;
			children = (
				97CE860EBD1C9BB2E1B9D5F6 /* TemperatureCardView.swift */,
				AE078BD017B4B9258C10AED6 /* TemperatureView.swift */,
			);
			path = Temperature;
			sourceTree = "<group>";
		};
		7813E3BE23DDCAE0EAC38AFF /* Records */ = {
			isa = PBXGroup;
			children = (
				ED0F44D6F9686E67479A6D05 /* RecordsView.swift */,
			);
			path = Records;
			sourceTree = "<group>";
		};
		8B80E2A29F15E5BA8ABE2342 = {
			isa = PBXGroup;
			children = (
				A01057C35C248096046CD8A8 /* LightMeter */,
				CD1D012EECEBAE3B7ACBEE87 /* LightMeterTests */,
				9401FB07D9B198FA9738E371 /* Products */,
			);
			sourceTree = "<group>";
		};
		9401FB07D9B198FA9738E371 /* Products */ = {
			isa = PBXGroup;
			children = (
				05CC5449066C71C1FEB3A67E /* LightMeter.app */,
				62BF30A70BBBF1C7BEB3CCDF /* LightMeterTests.xctest */,
			);
			name = Products;
			sourceTree = "<group>";
		};
		942721F7AC411A115597C565 /* Formatting */ = {
			isa = PBXGroup;
			children = (
				751FACCEEAA3CABCD4FEEC22 /* NumberFormattingTests.swift */,
			);
			path = Formatting;
			sourceTree = "<group>";
		};
		A01057C35C248096046CD8A8 /* LightMeter */ = {
			isa = PBXGroup;
			children = (
				30817019AC95765C07F07866 /* Assets.xcassets */,
				CB9D9057780326CEC3398958 /* ContentView.swift */,
				4F4BAB4CD2C382B32711F111 /* LightMeterApp.swift */,
				8E9FEC3AC3AE88559A671D16 /* PrivacyInfo.xcprivacy */,
				32974A5A9A5D3E12B3ECA87F /* Camera */,
				A7DBF172D43D691786A561E4 /* Design */,
				F067EEC0AA233D4F9BAF7E50 /* Features */,
				639E81B2142A4BC9BA6C21C0 /* Logic */,
				38436FC0864DE3039C6C2F9C /* SharedViews */,
			);
			path = LightMeter;
			sourceTree = "<group>";
		};
		A7DBF172D43D691786A561E4 /* Design */ = {
			isa = PBXGroup;
			children = (
				D6490821C1E2B9BD28DF3DE4 /* DesignConstants.swift */,
			);
			path = Design;
			sourceTree = "<group>";
		};
		BBA3D90779EDFA740A623A13 /* Check */ = {
			isa = PBXGroup;
			children = (
				269857D946F301075B6B5E73 /* FlickerCheckView.swift */,
			);
			path = Check;
			sourceTree = "<group>";
		};
		CD1D012EECEBAE3B7ACBEE87 /* LightMeterTests */ = {
			isa = PBXGroup;
			children = (
				942721F7AC411A115597C565 /* Formatting */,
				45614BB61731F5487CD71B3C /* Logic */,
			);
			path = LightMeterTests;
			sourceTree = "<group>";
		};
		F067EEC0AA233D4F9BAF7E50 /* Features */ = {
			isa = PBXGroup;
			children = (
				BBA3D90779EDFA740A623A13 /* Check */,
				624F3B22565E9E78DA1D7F34 /* Measurement */,
				7813E3BE23DDCAE0EAC38AFF /* Records */,
				67954F2B2EE86C256D1ECF80 /* Temperature */,
			);
			path = Features;
			sourceTree = "<group>";
		};
/* End PBXGroup section */

/* Begin PBXNativeTarget section */
		1F1B09C7A53B6D056F21B656 /* LightMeter */ = {
			isa = PBXNativeTarget;
			buildConfigurationList = C2F164187A0DB389EA44519C /* Build configuration list for PBXNativeTarget "LightMeter" */;
			buildPhases = (
				5533F8349B450B600B746FDD /* Sources */,
				929E74BFA52833062CA18285 /* Resources */,
			);
			buildRules = (
			);
			dependencies = (
			);
			name = LightMeter;
			packageProductDependencies = (
			);
			productName = LightMeter;
			productReference = 05CC5449066C71C1FEB3A67E /* LightMeter.app */;
			productType = "com.apple.product-type.application";
		};
		F593C1BECC2BD3BA8DEEBDF9 /* LightMeterTests */ = {
			isa = PBXNativeTarget;
			buildConfigurationList = EF2155E411128CEE5FD63AD6 /* Build configuration list for PBXNativeTarget "LightMeterTests" */;
			buildPhases = (
				04E1D0D34B7B45394834FACF /* Sources */,
			);
			buildRules = (
			);
			dependencies = (
				A37C4369ACBBEE894B6279B2 /* PBXTargetDependency */,
			);
			name = LightMeterTests;
			packageProductDependencies = (
			);
			productName = LightMeterTests;
			productReference = 62BF30A70BBBF1C7BEB3CCDF /* LightMeterTests.xctest */;
			productType = "com.apple.product-type.bundle.unit-test";
		};
/* End PBXNativeTarget section */

/* Begin PBXProject section */
		98E66B2EEE9E39E1E98ED95F /* Project object */ = {
			isa = PBXProject;
			attributes = {
				BuildIndependentTargetsInParallel = YES;
				LastUpgradeCheck = 1600;
				TargetAttributes = {
					1F1B09C7A53B6D056F21B656 = {
						DevelopmentTeam = "";
						ProvisioningStyle = Automatic;
					};
				};
			};
			buildConfigurationList = B871546BDEEC966137BD8F74 /* Build configuration list for PBXProject "LightMeter" */;
			developmentRegion = en;
			hasScannedForEncodings = 0;
			knownRegions = (
				Base,
				en,
			);
			mainGroup = 8B80E2A29F15E5BA8ABE2342;
			minimizedProjectReferenceProxies = 1;
			preferredProjectObjectVersion = 77;
			productRefGroup = 9401FB07D9B198FA9738E371 /* Products */;
			projectDirPath = "";
			projectRoot = "";
			targets = (
				1F1B09C7A53B6D056F21B656 /* LightMeter */,
				F593C1BECC2BD3BA8DEEBDF9 /* LightMeterTests */,
			);
		};
/* End PBXProject section */

/* Begin PBXResourcesBuildPhase section */
		929E74BFA52833062CA18285 /* Resources */ = {
			isa = PBXResourcesBuildPhase;
			buildActionMask = 2147483647;
			files = (
				897BCAEA38B78FD20B98973C /* Assets.xcassets in Resources */,
				9C6FE3D275D79634D8615F77 /* PrivacyInfo.xcprivacy in Resources */,
			);
			runOnlyForDeploymentPostprocessing = 0;
		};
/* End PBXResourcesBuildPhase section */

/* Begin PBXSourcesBuildPhase section */
		04E1D0D34B7B45394834FACF /* Sources */ = {
			isa = PBXSourcesBuildPhase;
			buildActionMask = 2147483647;
			files = (
				A182CF4B3A6D6FA724DC5696 /* CalibrationStoreTests.swift in Sources */,
				FCAC37C271D527801A4BF7FA /* CameraStateDecompositionTests.swift in Sources */,
				09FE133AEFC5C74D28A38ABB /* ColorTemperatureCalculatorTests.swift in Sources */,
				B9CAE995A7FF9C73682EC13E /* ComparisonGeneratorTests.swift in Sources */,
				82453B2D0DF1E3A5EC37C2FB /* ExposureValueCalculatorTests.swift in Sources */,
				F99DF0F94565431FDA4E5DD4 /* FlickerAnalyzerTests.swift in Sources */,
				62BB4D3470F81E7E14658541 /* FlickerInterpreterTests.swift in Sources */,
				839EEDA5B3D99112391E8E3B /* KelvinInterpreterTests.swift in Sources */,
				215E4128299483333603D01E /* LocalizationTests.swift in Sources */,
				947D43296F961E3FD48B7815 /* LuxCalculatorTests.swift in Sources */,
				61203EE432D8DEDA7575C925 /* LuxInterpreterTests.swift in Sources */,
				1242467572831488428302D0 /* LuxRangeTests.swift in Sources */,
				E83E4E39DA38B43E08552F29 /* NumberFormattingTests.swift in Sources */,
				6252F288CBF710360F50DB20 /* SignalSmootherTests.swift in Sources */,
				DE16C20F92FF3A460C87986A /* TabTransitionActionTests.swift in Sources */,
				6AF688582A251DBCB4ECD15E /* TintInterpreterTests.swift in Sources */,
			);
			runOnlyForDeploymentPostprocessing = 0;
		};
		5533F8349B450B600B746FDD /* Sources */ = {
			isa = PBXSourcesBuildPhase;
			buildActionMask = 2147483647;
			files = (
				4A85FF8D4948BCA39D1FE91F /* ActivityChip.swift in Sources */,
				77D76C7BC802A14BC11BED7A /* AppLanguage.swift in Sources */,
				C48F515E26CEA8B6B15CC3EF /* CalibrationStore.swift in Sources */,
				E56A97D88FE11681E64FB07F /* CalibrationView.swift in Sources */,
				70D86419EDB6EE55F0C2E1FF /* CameraFrameProvider.swift in Sources */,
				B0438C850571F78C5F21C1AE /* CameraPreviewView.swift in Sources */,
				ACB9A526668038CF6D68BB8C /* CameraSessionActor.swift in Sources */,
				D8287656B2497407BF3354EA /* CameraStateOverlay.swift in Sources */,
				14F5E324A0BA681C474744DC /* CameraViewModel.swift in Sources */,
				E38769976DC2A83A3EED675E /* ColorTemperatureCalculator.swift in Sources */,
				10B867859DF219A3BCB5ABC9 /* ComparisonGenerator.swift in Sources */,
				BD57A3FCF3C238E708850DB8 /* ContentView.swift in Sources */,
				C453045400C97ADDD86FD197 /* DesignConstants.swift in Sources */,
				5453E25EA4CD9E2DD3345ACC /* ExposureValueCalculator.swift in Sources */,
				4C80E8F81CB4267206F8BCC9 /* FlickerAnalyzer.swift in Sources */,
				B5987DCB478F3C327B9A57DA /* FlickerCheckView.swift in Sources */,
				8867737AEAE195B03EEA114F /* FlickerInterpreter.swift in Sources */,
				6FFDC72D6B60277F88C94396 /* FlickerModel.swift in Sources */,
				362E472CE38C282A5070C287 /* ImageProcessor.swift in Sources */,
				CC05482E43992679CF8D1CDC /* InterpretationResult.swift in Sources */,
				3009DF3774694FD7E329C83A /* KelvinInterpreter.swift in Sources */,
				E2825F6D9C8BAFD56F68BEDD /* LightMeterApp.swift in Sources */,
				43E99B1CDDFE154BB77B66F3 /* LightRecord.swift in Sources */,
				180557121E4CC474A5FB65A5 /* LightRecordEntity.swift in Sources */,
				8D8625281D9C90D56D5B74E7 /* LocalizedStrings.swift in Sources */,
				07B3105C28BF127BA06FBAD1 /* LuxCalculator.swift in Sources */,
				A795BA9DC7BE53A2E6D2DB95 /* LuxInterpreter.swift in Sources */,
				812876F0AE08889F28F29768 /* LuxRange.swift in Sources */,
				4C70950EFF64BCCD13101F48 /* MeasurementCardView.swift in Sources */,
				7708CED8D4A5D81141993481 /* MeasurementModel.swift in Sources */,
				9A555183B301322AC12B3898 /* MeasurementView.swift in Sources */,
				8B249869753FB633C77DEDE8 /* PlaceholderView.swift in Sources */,
				FFAC825E2646FF5FBF4D542B /* RecordsStore.swift in Sources */,
				7E76B6F795E249E5A140198A /* RecordsView.swift in Sources */,
				044650C676618FA8908A4118 /* SignalSmoother.swift in Sources */,
				4C49A43B335453EC83DC8A0E /* TabTransitionAction.swift in Sources */,
				1F629BD969930724FA2C3667 /* TemperatureCardView.swift in Sources */,
				ED43B53E290AEAA4611B1A0C /* TemperatureView.swift in Sources */,
				3F23D6DD2E64E8D6BFCD0CD7 /* TintInterpreter.swift in Sources */,
				08CD778A0867208D9A354A8A /* TransparentBackground.swift in Sources */,
			);
			runOnlyForDeploymentPostprocessing = 0;
		};
/* End PBXSourcesBuildPhase section */

/* Begin PBXTargetDependency section */
		A37C4369ACBBEE894B6279B2 /* PBXTargetDependency */ = {
			isa = PBXTargetDependency;
			target = 1F1B09C7A53B6D056F21B656 /* LightMeter */;
			targetProxy = 4F116066C5A373AFC5D87804 /* PBXContainerItemProxy */;
		};
/* End PBXTargetDependency section */

/* Begin XCBuildConfiguration section */
		09313B7806A8F306622A8851 /* Release */ = {
			isa = XCBuildConfiguration;
			buildSettings = {
				ASSETCATALOG_COMPILER_APPICON_NAME = AppIcon;
				CODE_SIGN_IDENTITY = "iPhone Developer";
				CODE_SIGN_STYLE = Automatic;
				DEVELOPMENT_TEAM = "";
				INFOPLIST_FILE = LightMeter/Info.plist;
				LD_RUNPATH_SEARCH_PATHS = (
					"$(inherited)",
					"@executable_path/Frameworks",
				);
				PRODUCT_BUNDLE_IDENTIFIER = com.lightmeter.LightMeter;
				SDKROOT = iphoneos;
				SWIFT_VERSION = 6.0;
				TARGETED_DEVICE_FAMILY = "1,2";
			};
			name = Release;
		};
		13EF16BE02B03DEEBC8D9257 /* Release */ = {
			isa = XCBuildConfiguration;
			buildSettings = {
				ALWAYS_SEARCH_USER_PATHS = NO;
				CLANG_ANALYZER_NONNULL = YES;
				CLANG_ANALYZER_NUMBER_OBJECT_CONVERSION = YES_AGGRESSIVE;
				CLANG_CXX_LANGUAGE_STANDARD = "gnu++14";
				CLANG_CXX_LIBRARY = "libc++";
				CLANG_ENABLE_MODULES = YES;
				CLANG_ENABLE_OBJC_ARC = YES;
				CLANG_ENABLE_OBJC_WEAK = YES;
				CLANG_WARN_BLOCK_CAPTURE_AUTORELEASING = YES;
				CLANG_WARN_BOOL_CONVERSION = YES;
				CLANG_WARN_COMMA = YES;
				CLANG_WARN_CONSTANT_CONVERSION = YES;
				CLANG_WARN_DEPRECATED_OBJC_IMPLEMENTATIONS = YES;
				CLANG_WARN_DIRECT_OBJC_ISA_USAGE = YES_ERROR;
				CLANG_WARN_DOCUMENTATION_COMMENTS = YES;
				CLANG_WARN_EMPTY_BODY = YES;
				CLANG_WARN_ENUM_CONVERSION = YES;
				CLANG_WARN_INFINITE_RECURSION = YES;
				CLANG_WARN_INT_CONVERSION = YES;
				CLANG_WARN_NON_LITERAL_NULL_CONVERSION = YES;
				CLANG_WARN_OBJC_IMPLICIT_RETAIN_SELF = YES;
				CLANG_WARN_OBJC_LITERAL_CONVERSION = YES;
				CLANG_WARN_OBJC_ROOT_CLASS = YES_ERROR;
				CLANG_WARN_QUOTED_INCLUDE_IN_FRAMEWORK_HEADER = YES;
				CLANG_WARN_RANGE_LOOP_ANALYSIS = YES;
				CLANG_WARN_STRICT_PROTOTYPES = YES;
				CLANG_WARN_SUSPICIOUS_MOVE = YES;
				CLANG_WARN_UNGUARDED_AVAILABILITY = YES_AGGRESSIVE;
				CLANG_WARN_UNREACHABLE_CODE = YES;
				CLANG_WARN__DUPLICATE_METHOD_MATCH = YES;
				COPY_PHASE_STRIP = NO;
				DEBUG_INFORMATION_FORMAT = "dwarf-with-dsym";
				ENABLE_NS_ASSERTIONS = NO;
				ENABLE_STRICT_OBJC_MSGSEND = YES;
				GCC_C_LANGUAGE_STANDARD = gnu11;
				GCC_NO_COMMON_BLOCKS = YES;
				GCC_WARN_64_TO_32_BIT_CONVERSION = YES;
				GCC_WARN_ABOUT_RETURN_TYPE = YES_ERROR;
				GCC_WARN_UNDECLARED_SELECTOR = YES;
				GCC_WARN_UNINITIALIZED_AUTOS = YES_AGGRESSIVE;
				GCC_WARN_UNUSED_FUNCTION = YES;
				GCC_WARN_UNUSED_VARIABLE = YES;
				IPHONEOS_DEPLOYMENT_TARGET = 17.0;
				MTL_ENABLE_DEBUG_INFO = NO;
				MTL_FAST_MATH = YES;
				PRODUCT_NAME = "$(TARGET_NAME)";
				SDKROOT = iphoneos;
				SWIFT_COMPILATION_MODE = wholemodule;
				SWIFT_OPTIMIZATION_LEVEL = "-O";
				SWIFT_VERSION = 5.0;
			};
			name = Release;
		};
		469598EC69180FEA12B591D3 /* Debug */ = {
			isa = XCBuildConfiguration;
			buildSettings = {
				BUNDLE_LOADER = "$(TEST_HOST)";
				GENERATE_INFOPLIST_FILE = YES;
				LD_RUNPATH_SEARCH_PATHS = (
					"$(inherited)",
					"@executable_path/Frameworks",
					"@loader_path/Frameworks",
				);
				PRODUCT_BUNDLE_IDENTIFIER = com.lightmeter.LightMeterTests;
				SDKROOT = iphoneos;
				SWIFT_VERSION = 6.0;
				TARGETED_DEVICE_FAMILY = "1,2";
				TEST_HOST = "$(BUILT_PRODUCTS_DIR)/LightMeter.app/LightMeter";
			};
			name = Debug;
		};
		5DF5BB3C5D55C322DFC38F32 /* Debug */ = {
			isa = XCBuildConfiguration;
			buildSettings = {
				ALWAYS_SEARCH_USER_PATHS = NO;
				CLANG_ANALYZER_NONNULL = YES;
				CLANG_ANALYZER_NUMBER_OBJECT_CONVERSION = YES_AGGRESSIVE;
				CLANG_CXX_LANGUAGE_STANDARD = "gnu++14";
				CLANG_CXX_LIBRARY = "libc++";
				CLANG_ENABLE_MODULES = YES;
				CLANG_ENABLE_OBJC_ARC = YES;
				CLANG_ENABLE_OBJC_WEAK = YES;
				CLANG_WARN_BLOCK_CAPTURE_AUTORELEASING = YES;
				CLANG_WARN_BOOL_CONVERSION = YES;
				CLANG_WARN_COMMA = YES;
				CLANG_WARN_CONSTANT_CONVERSION = YES;
				CLANG_WARN_DEPRECATED_OBJC_IMPLEMENTATIONS = YES;
				CLANG_WARN_DIRECT_OBJC_ISA_USAGE = YES_ERROR;
				CLANG_WARN_DOCUMENTATION_COMMENTS = YES;
				CLANG_WARN_EMPTY_BODY = YES;
				CLANG_WARN_ENUM_CONVERSION = YES;
				CLANG_WARN_INFINITE_RECURSION = YES;
				CLANG_WARN_INT_CONVERSION = YES;
				CLANG_WARN_NON_LITERAL_NULL_CONVERSION = YES;
				CLANG_WARN_OBJC_IMPLICIT_RETAIN_SELF = YES;
				CLANG_WARN_OBJC_LITERAL_CONVERSION = YES;
				CLANG_WARN_OBJC_ROOT_CLASS = YES_ERROR;
				CLANG_WARN_QUOTED_INCLUDE_IN_FRAMEWORK_HEADER = YES;
				CLANG_WARN_RANGE_LOOP_ANALYSIS = YES;
				CLANG_WARN_STRICT_PROTOTYPES = YES;
				CLANG_WARN_SUSPICIOUS_MOVE = YES;
				CLANG_WARN_UNGUARDED_AVAILABILITY = YES_AGGRESSIVE;
				CLANG_WARN_UNREACHABLE_CODE = YES;
				CLANG_WARN__DUPLICATE_METHOD_MATCH = YES;
				COPY_PHASE_STRIP = NO;
				DEBUG_INFORMATION_FORMAT = dwarf;
				ENABLE_STRICT_OBJC_MSGSEND = YES;
				ENABLE_TESTABILITY = YES;
				GCC_C_LANGUAGE_STANDARD = gnu11;
				GCC_DYNAMIC_NO_PIC = NO;
				GCC_NO_COMMON_BLOCKS = YES;
				GCC_OPTIMIZATION_LEVEL = 0;
				GCC_PREPROCESSOR_DEFINITIONS = (
					"$(inherited)",
					"DEBUG=1",
				);
				GCC_WARN_64_TO_32_BIT_CONVERSION = YES;
				GCC_WARN_ABOUT_RETURN_TYPE = YES_ERROR;
				GCC_WARN_UNDECLARED_SELECTOR = YES;
				GCC_WARN_UNINITIALIZED_AUTOS = YES_AGGRESSIVE;
				GCC_WARN_UNUSED_FUNCTION = YES;
				GCC_WARN_UNUSED_VARIABLE = YES;
				IPHONEOS_DEPLOYMENT_TARGET = 17.0;
				MTL_ENABLE_DEBUG_INFO = INCLUDE_SOURCE;
				MTL_FAST_MATH = YES;
				ONLY_ACTIVE_ARCH = YES;
				PRODUCT_NAME = "$(TARGET_NAME)";
				SDKROOT = iphoneos;
				SWIFT_ACTIVE_COMPILATION_CONDITIONS = DEBUG;
				SWIFT_OPTIMIZATION_LEVEL = "-Onone";
				SWIFT_VERSION = 5.0;
			};
			name = Debug;
		};
		CB7A654B38D29DA756FAD255 /* Debug */ = {
			isa = XCBuildConfiguration;
			buildSettings = {
				ASSETCATALOG_COMPILER_APPICON_NAME = AppIcon;
				CODE_SIGN_IDENTITY = "iPhone Developer";
				CODE_SIGN_STYLE = Automatic;
				DEVELOPMENT_TEAM = "";
				INFOPLIST_FILE = LightMeter/Info.plist;
				LD_RUNPATH_SEARCH_PATHS = (
					"$(inherited)",
					"@executable_path/Frameworks",
				);
				PRODUCT_BUNDLE_IDENTIFIER = com.lightmeter.LightMeter;
				SDKROOT = iphoneos;
				SWIFT_VERSION = 6.0;
				TARGETED_DEVICE_FAMILY = "1,2";
			};
			name = Debug;
		};
		F2241E2246D075D5D4F2E807 /* Release */ = {
			isa = XCBuildConfiguration;
			buildSettings = {
				BUNDLE_LOADER = "$(TEST_HOST)";
				GENERATE_INFOPLIST_FILE = YES;
				LD_RUNPATH_SEARCH_PATHS = (
					"$(inherited)",
					"@executable_path/Frameworks",
					"@loader_path/Frameworks",
				);
				PRODUCT_BUNDLE_IDENTIFIER = com.lightmeter.LightMeterTests;
				SDKROOT = iphoneos;
				SWIFT_VERSION = 6.0;
				TARGETED_DEVICE_FAMILY = "1,2";
				TEST_HOST = "$(BUILT_PRODUCTS_DIR)/LightMeter.app/LightMeter";
			};
			name = Release;
		};
/* End XCBuildConfiguration section */

/* Begin XCConfigurationList section */
		B871546BDEEC966137BD8F74 /* Build configuration list for PBXProject "LightMeter" */ = {
			isa = XCConfigurationList;
			buildConfigurations = (
				5DF5BB3C5D55C322DFC38F32 /* Debug */,
				13EF16BE02B03DEEBC8D9257 /* Release */,
			);
			defaultConfigurationIsVisible = 0;
			defaultConfigurationName = Debug;
		};
		C2F164187A0DB389EA44519C /* Build configuration list for PBXNativeTarget "LightMeter" */ = {
			isa = XCConfigurationList;
			buildConfigurations = (
				CB7A654B38D29DA756FAD255 /* Debug */,
				09313B7806A8F306622A8851 /* Release */,
			);
			defaultConfigurationIsVisible = 0;
			defaultConfigurationName = Debug;
		};
		EF2155E411128CEE5FD63AD6 /* Build configuration list for PBXNativeTarget "LightMeterTests" */ = {
			isa = XCConfigurationList;
			buildConfigurations = (
				469598EC69180FEA12B591D3 /* Debug */,
				F2241E2246D075D5D4F2E807 /* Release */,
			);
			defaultConfigurationIsVisible = 0;
			defaultConfigurationName = Debug;
		};
/* End XCConfigurationList section */
	};
	rootObject = 98E66B2EEE9E39E1E98ED95F /* Project object */;
}
